
Microsoft Visual Studio Solution File, Format Version 12.00
# Visual Studio Version 16
VisualStudioVersion = 16.0.31729.503
MinimumVisualStudioVersion = 10.0.40219.1
Project("{FAE04EC0-301F-11D3-BF4B-00C04F79EFBC}") = "Kalkulator2", "Kalkulator2.csproj", "{79D80C0F-2B07-4818-A082-4AED6EC7C94F}"
EndProject
Global
	GlobalSection(SolutionConfigurationPlatforms) = preSolution
		Debug|Any CPU = Debug|Any CPU
		Release|Any CPU = Release|Any CPU
	EndGlobalSection
	GlobalSection(ProjectConfigurationPlatforms) = postSolution
		{79D80C0F-2B07-4818-A082-4AED6EC7C94F}.Debug|Any CPU.ActiveCfg = Debug|Any CPU
		{79D80C0F-2B07-4818-A082-4AED6EC7C94F}.Debug|Any CPU.Build.0 = Debug|Any CPU
		{79D80C0F-2B07-4818-A082-4AED6EC7C94F}.Release|Any CPU.ActiveCfg = Release|Any CPU
		{79D80C0F-2B07-4818-A082-4AED6EC7C94F}.Release|Any CPU.Build.0 = Release|Any CPU
	EndGlobalSection
	GlobalSection(SolutionProperties) = preSolution
		HideSolutionNode = FALSE
	EndGlobalSection
	GlobalSection(ExtensibilityGlobals) = postSolution
		SolutionGuid = {04AE3670-282B-46D3-9A76-6E1594722D7A}
	EndGlobalSection
EndGlobal
